
Microsoft Visual Studio Solution File, Format Version 12.00
# Visual Studio Version 16
VisualStudioVersion = 16.0.32602.291
MinimumVisualStudioVersion = 10.0.40219.1
Project("{9A19103F-16F7-4668-BE54-9A1E7A4F7556}") = "Payroll.Employees.Persistence", "Payroll.Employees.Persistence\Payroll.Employees.Persistence.csproj", "{A335884B-D0DD-41C5-B5C3-C767DE7A5615}"
EndProject
Project("{9A19103F-16F7-4668-BE54-9A1E7A4F7556}") = "Payroll.Employees.ServiceLayer.Common", "Payroll.Employees.Common\Payroll.Employees.ServiceLayer.Common.csproj", "{62309AD8-653A-4274-A1C9-44930B446B69}"
EndProject
Project("{9A19103F-16F7-4668-BE54-9A1E7A4F7556}") = "Payroll.Employees.ServiceLayer.EfCore", "Payroll.Employees.ServiceLayer\Payroll.Employees.ServiceLayer.EfCore.csproj", "{681BE40B-B889-452E-B7E2-4CB45904CA4F}"
EndProject
Project("{2150E333-8FDC-42A3-9474-1A3956D46DE8}") = "0 - Domain", "0 - Domain", "{379D746B-07D0-4565-9BD1-B06170F51320}"
EndProject
Project("{2150E333-8FDC-42A3-9474-1A3956D46DE8}") = "1 - Persistence", "1 - Persistence", "{0E796B7F-1482-4DCC-A638-2E0F577A72B4}"
EndProject
Project("{2150E333-8FDC-42A3-9474-1A3956D46DE8}") = "2 - Biz Logic", "2 - Biz Logic", "{A855305B-FD49-49CE-8236-DCD4A955BC8D}"
EndProject
Project("{2150E333-8FDC-42A3-9474-1A3956D46DE8}") = "3 - Infrastructure", "3 - Infrastructure", "{AFE4CF01-2C15-4C4C-8C72-7E72C82D60C8}"
EndProject
Project("{2150E333-8FDC-42A3-9474-1A3956D46DE8}") = "4 - Service Layer", "4 - Service Layer", "{36914632-E057-4E1D-B6FF-B3868742A991}"
EndProject
Project("{2150E333-8FDC-42A3-9474-1A3956D46DE8}") = "5 - FrontEnd", "5 - FrontEnd", "{4C1601D7-938C-49AE-8DD0-6BA48F9E9C2A}"
EndProject
Project("{9A19103F-16F7-4668-BE54-9A1E7A4F7556}") = "Payroll.Employees.FrontEnd.Test", "Payroll.Employees.FrontEnd\Payroll.Employees.FrontEnd.Test.csproj", "{AE7CC356-CBA1-47C4-A998-D54ACD17D53B}"
EndProject
Project("{9A19103F-16F7-4668-BE54-9A1E7A4F7556}") = "Payroll.Employees", "Payroll.Employees\Payroll.Employees.csproj", "{C27BA25B-2AF6-4B32-8070-74BF2B9CF60E}"
EndProject
Project("{9A19103F-16F7-4668-BE54-9A1E7A4F7556}") = "Payroll.Employees.Domain", "Payroll.Employees.Domain\Payroll.Employees.Domain.csproj", "{D3B1B31D-6EED-4F5D-A2F8-9BF272F41141}"
EndProject
Project("{9A19103F-16F7-4668-BE54-9A1E7A4F7556}") = "Payroll.Employees.ServiceLayer.HRMS", "Payroll.Employees.ServiceLayer.HRMS\Payroll.Employees.ServiceLayer.HRMS.csproj", "{ABC94304-3FD5-4426-BD1A-A965C0FBDE5B}"
EndProject
Global
	GlobalSection(SolutionConfigurationPlatforms) = preSolution
		Debug|Any CPU = Debug|Any CPU
		Release|Any CPU = Release|Any CPU
	EndGlobalSection
	GlobalSection(ProjectConfigurationPlatforms) = postSolution
		{A335884B-D0DD-41C5-B5C3-C767DE7A5615}.Debug|Any CPU.ActiveCfg = Debug|Any CPU
		{A335884B-D0DD-41C5-B5C3-C767DE7A5615}.Debug|Any CPU.Build.0 = Debug|Any CPU
		{A335884B-D0DD-41C5-B5C3-C767DE7A5615}.Release|Any CPU.ActiveCfg = Release|Any CPU
		{A335884B-D0DD-41C5-B5C3-C767DE7A5615}.Release|Any CPU.Build.0 = Release|Any CPU
		{62309AD8-653A-4274-A1C9-44930B446B69}.Debug|Any CPU.ActiveCfg = Debug|Any CPU
		{62309AD8-653A-4274-A1C9-44930B446B69}.Debug|Any CPU.Build.0 = Debug|Any CPU
		{62309AD8-653A-4274-A1C9-44930B446B69}.Release|Any CPU.ActiveCfg = Release|Any CPU
		{62309AD8-653A-4274-A1C9-44930B446B69}.Release|Any CPU.Build.0 = Release|Any CPU
		{681BE40B-B889-452E-B7E2-4CB45904CA4F}.Debug|Any CPU.ActiveCfg = Debug|Any CPU
		{681BE40B-B889-452E-B7E2-4CB45904CA4F}.Debug|Any CPU.Build.0 = Debug|Any CPU
		{681BE40B-B889-452E-B7E2-4CB45904CA4F}.Release|Any CPU.ActiveCfg = Release|Any CPU
		{681BE40B-B889-452E-B7E2-4CB45904CA4F}.Release|Any CPU.Build.0 = Release|Any CPU
		{AE7CC356-CBA1-47C4-A998-D54ACD17D53B}.Debug|Any CPU.ActiveCfg = Debug|Any CPU
		{AE7CC356-CBA1-47C4-A998-D54ACD17D53B}.Debug|Any CPU.Build.0 = Debug|Any CPU
		{AE7CC356-CBA1-47C4-A998-D54ACD17D53B}.Release|Any CPU.ActiveCfg = Release|Any CPU
		{AE7CC356-CBA1-47C4-A998-D54ACD17D53B}.Release|Any CPU.Build.0 = Release|Any CPU
		{C27BA25B-2AF6-4B32-8070-74BF2B9CF60E}.Debug|Any CPU.ActiveCfg = Debug|Any CPU
		{C27BA25B-2AF6-4B32-8070-74BF2B9CF60E}.Debug|Any CPU.Build.0 = Debug|Any CPU
		{C27BA25B-2AF6-4B32-8070-74BF2B9CF60E}.Release|Any CPU.ActiveCfg = Release|Any CPU
		{C27BA25B-2AF6-4B32-8070-74BF2B9CF60E}.Release|Any CPU.Build.0 = Release|Any CPU
		{D3B1B31D-6EED-4F5D-A2F8-9BF272F41141}.Debug|Any CPU.ActiveCfg = Debug|Any CPU
		{D3B1B31D-6EED-4F5D-A2F8-9BF272F41141}.Debug|Any CPU.Build.0 = Debug|Any CPU
		{D3B1B31D-6EED-4F5D-A2F8-9BF272F41141}.Release|Any CPU.ActiveCfg = Release|Any CPU
		{D3B1B31D-6EED-4F5D-A2F8-9BF272F41141}.Release|Any CPU.Build.0 = Release|Any CPU
		{ABC94304-3FD5-4426-BD1A-A965C0FBDE5B}.Debug|Any CPU.ActiveCfg = Debug|Any CPU
		{ABC94304-3FD5-4426-BD1A-A965C0FBDE5B}.Debug|Any CPU.Build.0 = Debug|Any CPU
		{ABC94304-3FD5-4426-BD1A-A965C0FBDE5B}.Release|Any CPU.ActiveCfg = Release|Any CPU
		{ABC94304-3FD5-4426-BD1A-A965C0FBDE5B}.Release|Any CPU.Build.0 = Release|Any CPU
	EndGlobalSection
	GlobalSection(SolutionProperties) = preSolution
		HideSolutionNode = FALSE
	EndGlobalSection
	GlobalSection(NestedProjects) = preSolution
		{A335884B-D0DD-41C5-B5C3-C767DE7A5615} = {0E796B7F-1482-4DCC-A638-2E0F577A72B4}
		{62309AD8-653A-4274-A1C9-44930B446B69} = {36914632-E057-4E1D-B6FF-B3868742A991}
		{681BE40B-B889-452E-B7E2-4CB45904CA4F} = {36914632-E057-4E1D-B6FF-B3868742A991}
		{AE7CC356-CBA1-47C4-A998-D54ACD17D53B} = {4C1601D7-938C-49AE-8DD0-6BA48F9E9C2A}
		{D3B1B31D-6EED-4F5D-A2F8-9BF272F41141} = {379D746B-07D0-4565-9BD1-B06170F51320}
		{ABC94304-3FD5-4426-BD1A-A965C0FBDE5B} = {36914632-E057-4E1D-B6FF-B3868742A991}
	EndGlobalSection
	GlobalSection(ExtensibilityGlobals) = postSolution
		SolutionGuid = {637FD0A2-31B8-49F0-9C11-1706987F30F7}
	EndGlobalSection
EndGlobal
