
Microsoft Visual Studio Solution File, Format Version 12.00
# Visual Studio Version 16
VisualStudioVersion = 16.0.32602.291
MinimumVisualStudioVersion = 10.0.40219.1
Project("{9A19103F-16F7-4668-BE54-9A1E7A4F7556}") = "Pms.Employees.ServiceLayer.HRMS", "Pms.Employees.ServiceLayer.HRMS\Pms.Employees.ServiceLayer.HRMS.csproj", "{951B3391-B32A-42D2-982B-73ED6E3833CA}"
EndProject
Project("{9A19103F-16F7-4668-BE54-9A1E7A4F7556}") = "Pms.Employees.Domain", "Pms.Employees.Domain\Pms.Employees.Domain.csproj", "{EBCD0826-4583-4286-AD02-67EA95F1C650}"
EndProject
Project("{9A19103F-16F7-4668-BE54-9A1E7A4F7556}") = "Pms.Employees.Persistence", "Pms.Employees.Persistence\Pms.Employees.Persistence.csproj", "{CFF5F19B-DA80-4E87-A3E0-54444FA8E410}"
EndProject
Project("{9A19103F-16F7-4668-BE54-9A1E7A4F7556}") = "Pms.Employees.ServiceLayer.EfCore", "Pms.Employees.ServiceLayer.EfCore\Pms.Employees.ServiceLayer.EfCore.csproj", "{12F89CD1-2DCC-4DB1-82D0-28D33AA9DA2F}"
EndProject
Project("{9A19103F-16F7-4668-BE54-9A1E7A4F7556}") = "Pms.Employees.Tests", "Pms.Employees.Tests\Pms.Employees.Tests.csproj", "{F2D39885-0569-4387-AFD8-334CA30D4758}"
EndProject
Project("{9A19103F-16F7-4668-BE54-9A1E7A4F7556}") = "Pms.Employees.ServiceLayer.Files", "Pms.Employees.ServiceLayer.Files\Pms.Employees.ServiceLayer.Files.csproj", "{107D9C15-D815-4624-B3F8-43C3488C5660}"
EndProject
Global
	GlobalSection(SolutionConfigurationPlatforms) = preSolution
		Debug|Any CPU = Debug|Any CPU
		Release|Any CPU = Release|Any CPU
	EndGlobalSection
	GlobalSection(ProjectConfigurationPlatforms) = postSolution
		{951B3391-B32A-42D2-982B-73ED6E3833CA}.Debug|Any CPU.ActiveCfg = Debug|Any CPU
		{951B3391-B32A-42D2-982B-73ED6E3833CA}.Debug|Any CPU.Build.0 = Debug|Any CPU
		{951B3391-B32A-42D2-982B-73ED6E3833CA}.Release|Any CPU.ActiveCfg = Release|Any CPU
		{951B3391-B32A-42D2-982B-73ED6E3833CA}.Release|Any CPU.Build.0 = Release|Any CPU
		{EBCD0826-4583-4286-AD02-67EA95F1C650}.Debug|Any CPU.ActiveCfg = Debug|Any CPU
		{EBCD0826-4583-4286-AD02-67EA95F1C650}.Debug|Any CPU.Build.0 = Debug|Any CPU
		{EBCD0826-4583-4286-AD02-67EA95F1C650}.Release|Any CPU.ActiveCfg = Release|Any CPU
		{EBCD0826-4583-4286-AD02-67EA95F1C650}.Release|Any CPU.Build.0 = Release|Any CPU
		{CFF5F19B-DA80-4E87-A3E0-54444FA8E410}.Debug|Any CPU.ActiveCfg = Debug|Any CPU
		{CFF5F19B-DA80-4E87-A3E0-54444FA8E410}.Debug|Any CPU.Build.0 = Debug|Any CPU
		{CFF5F19B-DA80-4E87-A3E0-54444FA8E410}.Release|Any CPU.ActiveCfg = Release|Any CPU
		{CFF5F19B-DA80-4E87-A3E0-54444FA8E410}.Release|Any CPU.Build.0 = Release|Any CPU
		{12F89CD1-2DCC-4DB1-82D0-28D33AA9DA2F}.Debug|Any CPU.ActiveCfg = Debug|Any CPU
		{12F89CD1-2DCC-4DB1-82D0-28D33AA9DA2F}.Debug|Any CPU.Build.0 = Debug|Any CPU
		{12F89CD1-2DCC-4DB1-82D0-28D33AA9DA2F}.Release|Any CPU.ActiveCfg = Release|Any CPU
		{12F89CD1-2DCC-4DB1-82D0-28D33AA9DA2F}.Release|Any CPU.Build.0 = Release|Any CPU
		{F2D39885-0569-4387-AFD8-334CA30D4758}.Debug|Any CPU.ActiveCfg = Debug|Any CPU
		{F2D39885-0569-4387-AFD8-334CA30D4758}.Debug|Any CPU.Build.0 = Debug|Any CPU
		{F2D39885-0569-4387-AFD8-334CA30D4758}.Release|Any CPU.ActiveCfg = Release|Any CPU
		{F2D39885-0569-4387-AFD8-334CA30D4758}.Release|Any CPU.Build.0 = Release|Any CPU
		{107D9C15-D815-4624-B3F8-43C3488C5660}.Debug|Any CPU.ActiveCfg = Debug|Any CPU
		{107D9C15-D815-4624-B3F8-43C3488C5660}.Debug|Any CPU.Build.0 = Debug|Any CPU
		{107D9C15-D815-4624-B3F8-43C3488C5660}.Release|Any CPU.ActiveCfg = Release|Any CPU
		{107D9C15-D815-4624-B3F8-43C3488C5660}.Release|Any CPU.Build.0 = Release|Any CPU
	EndGlobalSection
	GlobalSection(SolutionProperties) = preSolution
		HideSolutionNode = FALSE
	EndGlobalSection
	GlobalSection(ExtensibilityGlobals) = postSolution
		SolutionGuid = {637FD0A2-31B8-49F0-9C11-1706987F30F7}
	EndGlobalSection
EndGlobal
